
Microsoft Visual Studio Solution File, Format Version 12.00
# Visual Studio Version 16
VisualStudioVersion = 16.0.29509.3
MinimumVisualStudioVersion = 10.0.40219.1
Project("{FAE04EC0-301F-11D3-BF4B-00C04F79EFBC}") = "PPRACT", "PPRACT\PPRACT.csproj", "{3DF67700-2934-4552-946D-CC3D0C1CAD85}"
EndProject
Project("{FAE04EC0-301F-11D3-BF4B-00C04F79EFBC}") = "UnitTestProject2", "UnitTestProject2\UnitTestProject2.csproj", "{F30AEEBF-481A-4D9A-97EE-D2A2185BCB40}"
EndProject
Global
	GlobalSection(SolutionConfigurationPlatforms) = preSolution
		Debug|Any CPU = Debug|Any CPU
		Release|Any CPU = Release|Any CPU
	EndGlobalSection
	GlobalSection(ProjectConfigurationPlatforms) = postSolution
		{3DF67700-2934-4552-946D-CC3D0C1CAD85}.Debug|Any CPU.ActiveCfg = Debug|Any CPU
		{3DF67700-2934-4552-946D-CC3D0C1CAD85}.Debug|Any CPU.Build.0 = Debug|Any CPU
		{3DF67700-2934-4552-946D-CC3D0C1CAD85}.Release|Any CPU.ActiveCfg = Release|Any CPU
		{3DF67700-2934-4552-946D-CC3D0C1CAD85}.Release|Any CPU.Build.0 = Release|Any CPU
		{F30AEEBF-481A-4D9A-97EE-D2A2185BCB40}.Debug|Any CPU.ActiveCfg = Debug|Any CPU
		{F30AEEBF-481A-4D9A-97EE-D2A2185BCB40}.Debug|Any CPU.Build.0 = Debug|Any CPU
		{F30AEEBF-481A-4D9A-97EE-D2A2185BCB40}.Release|Any CPU.ActiveCfg = Release|Any CPU
		{F30AEEBF-481A-4D9A-97EE-D2A2185BCB40}.Release|Any CPU.Build.0 = Release|Any CPU
	EndGlobalSection
	GlobalSection(SolutionProperties) = preSolution
		HideSolutionNode = FALSE
	EndGlobalSection
	GlobalSection(ExtensibilityGlobals) = postSolution
		SolutionGuid = {B8087111-E4D8-44A1-BD5C-4CDC2603A82E}
	EndGlobalSection
EndGlobal
